
Microsoft Visual Studio Solution File, Format Version 12.00
# Visual Studio Version 17
VisualStudioVersion = 17.8.34330.188
MinimumVisualStudioVersion = 10.0.40219.1
Project("{FAE04EC0-301F-11D3-BF4B-00C04F79EFBC}") = "dominio", "dominio\dominio.csproj", "{8D0D9938-52A5-4743-AF98-F1778D076A0F}"
EndProject
Project("{FAE04EC0-301F-11D3-BF4B-00C04F79EFBC}") = "negocio", "negocio\negocio.csproj", "{2D13B9F6-C50F-49B1-8002-D261D85E17DD}"
EndProject
Project("{FAE04EC0-301F-11D3-BF4B-00C04F79EFBC}") = "presentacion", "presentacion\presentacion.csproj", "{649961FB-43EC-44E2-8FC0-FBF15C0C810D}"
EndProject
Global
	GlobalSection(SolutionConfigurationPlatforms) = preSolution
		Debug|Any CPU = Debug|Any CPU
		Release|Any CPU = Release|Any CPU
	EndGlobalSection
	GlobalSection(ProjectConfigurationPlatforms) = postSolution
		{8D0D9938-52A5-4743-AF98-F1778D076A0F}.Debug|Any CPU.ActiveCfg = Debug|Any CPU
		{8D0D9938-52A5-4743-AF98-F1778D076A0F}.Debug|Any CPU.Build.0 = Debug|Any CPU
		{8D0D9938-52A5-4743-AF98-F1778D076A0F}.Release|Any CPU.ActiveCfg = Release|Any CPU
		{8D0D9938-52A5-4743-AF98-F1778D076A0F}.Release|Any CPU.Build.0 = Release|Any CPU
		{2D13B9F6-C50F-49B1-8002-D261D85E17DD}.Debug|Any CPU.ActiveCfg = Debug|Any CPU
		{2D13B9F6-C50F-49B1-8002-D261D85E17DD}.Debug|Any CPU.Build.0 = Debug|Any CPU
		{2D13B9F6-C50F-49B1-8002-D261D85E17DD}.Release|Any CPU.ActiveCfg = Release|Any CPU
		{2D13B9F6-C50F-49B1-8002-D261D85E17DD}.Release|Any CPU.Build.0 = Release|Any CPU
		{649961FB-43EC-44E2-8FC0-FBF15C0C810D}.Debug|Any CPU.ActiveCfg = Debug|Any CPU
		{649961FB-43EC-44E2-8FC0-FBF15C0C810D}.Debug|Any CPU.Build.0 = Debug|Any CPU
		{649961FB-43EC-44E2-8FC0-FBF15C0C810D}.Release|Any CPU.ActiveCfg = Release|Any CPU
		{649961FB-43EC-44E2-8FC0-FBF15C0C810D}.Release|Any CPU.Build.0 = Release|Any CPU
	EndGlobalSection
	GlobalSection(SolutionProperties) = preSolution
		HideSolutionNode = FALSE
	EndGlobalSection
	GlobalSection(ExtensibilityGlobals) = postSolution
		SolutionGuid = {7E64B6DC-6858-448C-A352-90AB5FEB556D}
	EndGlobalSection
EndGlobal
